// !$*UTF8*$!
{
	archiveVersion = 1;
	classes = {
	};
	objectVersion = 50;
	objects = {

/* Begin PBXBuildFile section */
		BF822EEF24BE3BE200CFC606 /* AppDelegate.swift in Sources */ = {isa = PBXBuildFile; fileRef = BF822EEE24BE3BE200CFC606 /* AppDelegate.swift */; };
		BF822EF124BE3BE200CFC606 /* SceneDelegate.swift in Sources */ = {isa = PBXBuildFile; fileRef = BF822EF024BE3BE200CFC606 /* SceneDelegate.swift */; };
		BF822EF324BE3BE200CFC606 /* ViewController.swift in Sources */ = {isa = PBXBuildFile; fileRef = BF822EF224BE3BE200CFC606 /* ViewController.swift */; };
		BF822EF624BE3BE200CFC606 /* Main.storyboard in Resources */ = {isa = PBXBuildFile; fileRef = BF822EF424BE3BE200CFC606 /* Main.storyboard */; };
		BF822EF924BE3BE200CFC606 /* App.xcdatamodeld in Sources */ = {isa = PBXBuildFile; fileRef = BF822EF724BE3BE200CFC606 /* App.xcdatamodeld */; };
		BF822EFB24BE3BE600CFC606 /* Assets.xcassets in Resources */ = {isa = PBXBuildFile; fileRef = BF822EFA24BE3BE600CFC606 /* Assets.xcassets */; };
		BF822EFE24BE3BE600CFC606 /* LaunchScreen.storyboard in Resources */ = {isa = PBXBuildFile; fileRef = BF822EFC24BE3BE600CFC606 /* LaunchScreen.storyboard */; };
		BF822F0924BE3BE600CFC606 /* AppTests.swift in Sources */ = {isa = PBXBuildFile; fileRef = BF822F0824BE3BE600CFC606 /* AppTests.swift */; };
		BF822F1424BE3BE600CFC606 /* AppUITests.swift in Sources */ = {isa = PBXBuildFile; fileRef = BF822F1324BE3BE600CFC606 /* AppUITests.swift */; };
/* End PBXBuildFile section */

/* Begin PBXContainerItemProxy section */
		BF822F0524BE3BE600CFC606 /* PBXContainerItemProxy */ = {
			isa = PBXContainerItemProxy;
			containerPortal = BF822EE324BE3BE200CFC606 /* Project object */;
			proxyType = 1;
			remoteGlobalIDString = BF822EEA24BE3BE200CFC606;
			remoteInfo = App;
		};
		BF822F1024BE3BE600CFC606 /* PBXContainerItemProxy */ = {
			isa = PBXContainerItemProxy;
			containerPortal = BF822EE324BE3BE200CFC606 /* Project object */;
			proxyType = 1;
			remoteGlobalIDString = BF822EEA24BE3BE200CFC606;
			remoteInfo = App;
		};
/* End PBXContainerItemProxy section */

/* Begin PBXFileReference section */
		BF822EEB24BE3BE200CFC606 /* App.app */ = {isa = PBXFileReference; explicitFileType = wrapper.application; includeInIndex = 0; path = App.app; sourceTree = BUILT_PRODUCTS_DIR; };
		BF822EEE24BE3BE200CFC606 /* AppDelegate.swift */ = {isa = PBXFileReference; lastKnownFileType = sourcecode.swift; path = AppDelegate.swift; sourceTree = "<group>"; };
		BF822EF024BE3BE200CFC606 /* SceneDelegate.swift */ = {isa = PBXFileReference; lastKnownFileType = sourcecode.swift; path = SceneDelegate.swift; sourceTree = "<group>"; };
		BF822EF224BE3BE200CFC606 /* ViewController.swift */ = {isa = PBXFileReference; lastKnownFileType = sourcecode.swift; path = ViewController.swift; sourceTree = "<group>"; };
		BF822EF524BE3BE200CFC606 /* Base */ = {isa = PBXFileReference; lastKnownFileType = file.storyboard; name = Base; path = Base.lproj/Main.storyboard; sourceTree = "<group>"; };
		BF822EF824BE3BE200CFC606 /* App.xcdatamodel */ = {isa = PBXFileReference; lastKnownFileType = wrapper.xcdatamodel; path = App.xcdatamodel; sourceTree = "<group>"; };
		BF822EFA24BE3BE600CFC606 /* Assets.xcassets */ = {isa = PBXFileReference; lastKnownFileType = folder.assetcatalog; path = Assets.xcassets; sourceTree = "<group>"; };
		BF822EFD24BE3BE600CFC606 /* Base */ = {isa = PBXFileReference; lastKnownFileType = file.storyboard; name = Base; path = Base.lproj/LaunchScreen.storyboard; sourceTree = "<group>"; };
		BF822EFF24BE3BE600CFC606 /* Info.plist */ = {isa = PBXFileReference; lastKnownFileType = text.plist.xml; path = Info.plist; sourceTree = "<group>"; };
		BF822F0424BE3BE600CFC606 /* AppTests.xctest */ = {isa = PBXFileReference; explicitFileType = wrapper.cfbundle; includeInIndex = 0; path = AppTests.xctest; sourceTree = BUILT_PRODUCTS_DIR; };
		BF822F0824BE3BE600CFC606 /* AppTests.swift */ = {isa = PBXFileReference; lastKnownFileType = sourcecode.swift; path = AppTests.swift; sourceTree = "<group>"; };
		BF822F0A24BE3BE600CFC606 /* Info.plist */ = {isa = PBXFileReference; lastKnownFileType = text.plist.xml; path = Info.plist; sourceTree = "<group>"; };
		BF822F0F24BE3BE600CFC606 /* AppUITests.xctest */ = {isa = PBXFileReference; explicitFileType = wrapper.cfbundle; includeInIndex = 0; path = AppUITests.xctest; sourceTree = BUILT_PRODUCTS_DIR; };
		BF822F1324BE3BE600CFC606 /* AppUITests.swift */ = {isa = PBXFileReference; lastKnownFileType = sourcecode.swift; path = AppUITests.swift; sourceTree = "<group>"; };
		BF822F1524BE3BE600CFC606 /* Info.plist */ = {isa = PBXFileReference; lastKnownFileType = text.plist.xml; path = Info.plist; sourceTree = "<group>"; };
/* End PBXFileReference section */

/* Begin PBXFrameworksBuildPhase section */
		BF822EE824BE3BE200CFC606 /* Frameworks */ = {
			isa = PBXFrameworksBuildPhase;
			buildActionMask = 2147483647;
			files = (
			);
			runOnlyForDeploymentPostprocessing = 0;
		};
		BF822F0124BE3BE600CFC606 /* Frameworks */ = {
			isa = PBXFrameworksBuildPhase;
			buildActionMask = 2147483647;
			files = (
			);
			runOnlyForDeploymentPostprocessing = 0;
		};
		BF822F0C24BE3BE600CFC606 /* Frameworks */ = {
			isa = PBXFrameworksBuildPhase;
			buildActionMask = 2147483647;
			files = (
			);
			runOnlyForDeploymentPostprocessing = 0;
		};
/* End PBXFrameworksBuildPhase section */

/* Begin PBXGroup section */
		BF822EE224BE3BE200CFC606 = {
			isa = PBXGroup;
			children = (
				BF822EED24BE3BE200CFC606 /* App */,
				BF822F0724BE3BE600CFC606 /* AppTests */,
				BF822F1224BE3BE600CFC606 /* AppUITests */,
				BF822EEC24BE3BE200CFC606 /* Products */,
			);
			sourceTree = "<group>";
		};
		BF822EEC24BE3BE200CFC606 /* Products */ = {
			isa = PBXGroup;
			children = (
				BF822EEB24BE3BE200CFC606 /* App.app */,
				BF822F0424BE3BE600CFC606 /* AppTests.xctest */,
				BF822F0F24BE3BE600CFC606 /* AppUITests.xctest */,
			);
			name = Products;
			sourceTree = "<group>";
		};
		BF822EED24BE3BE200CFC606 /* App */ = {
			isa = PBXGroup;
			children = (
				BF822EEE24BE3BE200CFC606 /* AppDelegate.swift */,
				BF822EF024BE3BE200CFC606 /* SceneDelegate.swift */,
				BF822EF224BE3BE200CFC606 /* ViewController.swift */,
				BF822EF424BE3BE200CFC606 /* Main.storyboard */,
				BF822EFA24BE3BE600CFC606 /* Assets.xcassets */,
				BF822EFC24BE3BE600CFC606 /* LaunchScreen.storyboard */,
				BF822EFF24BE3BE600CFC606 /* Info.plist */,
				BF822EF724BE3BE200CFC606 /* App.xcdatamodeld */,
			);
			path = App;
			sourceTree = "<group>";
		};
		BF822F0724BE3BE600CFC606 /* AppTests */ = {
			isa = PBXGroup;
			children = (
				BF822F0824BE3BE600CFC606 /* AppTests.swift */,
				BF822F0A24BE3BE600CFC606 /* Info.plist */,
			);
			path = AppTests;
			sourceTree = "<group>";
		};
		BF822F1224BE3BE600CFC606 /* AppUITests */ = {
			isa = PBXGroup;
			children = (
				BF822F1324BE3BE600CFC606 /* AppUITests.swift */,
				BF822F1524BE3BE600CFC606 /* Info.plist */,
			);
			path = AppUITests;
			sourceTree = "<group>";
		};
/* End PBXGroup section */

/* Begin PBXNativeTarget section */
		BF822EEA24BE3BE200CFC606 /* App */ = {
			isa = PBXNativeTarget;
			buildConfigurationList = BF822F1824BE3BE600CFC606 /* Build configuration list for PBXNativeTarget "App" */;
			buildPhases = (
				BF822EE724BE3BE200CFC606 /* Sources */,
				BF822EE824BE3BE200CFC606 /* Frameworks */,
				BF822EE924BE3BE200CFC606 /* Resources */,
			);
			buildRules = (
			);
			dependencies = (
			);
			name = App;
			productName = App;
			productReference = BF822EEB24BE3BE200CFC606 /* App.app */;
			productType = "com.apple.product-type.application";
		};
		BF822F0324BE3BE600CFC606 /* AppTests */ = {
			isa = PBXNativeTarget;
			buildConfigurationList = BF822F1B24BE3BE600CFC606 /* Build configuration list for PBXNativeTarget "AppTests" */;
			buildPhases = (
				BF822F0024BE3BE600CFC606 /* Sources */,
				BF822F0124BE3BE600CFC606 /* Frameworks */,
				BF822F0224BE3BE600CFC606 /* Resources */,
			);
			buildRules = (
			);
			dependencies = (
				BF822F0624BE3BE600CFC606 /* PBXTargetDependency */,
			);
			name = AppTests;
			productName = AppTests;
			productReference = BF822F0424BE3BE600CFC606 /* AppTests.xctest */;
			productType = "com.apple.product-type.bundle.unit-test";
		};
		BF822F0E24BE3BE600CFC606 /* AppUITests */ = {
			isa = PBXNativeTarget;
			buildConfigurationList = BF822F1E24BE3BE600CFC606 /* Build configuration list for PBXNativeTarget "AppUITests" */;
			buildPhases = (
				BF822F0B24BE3BE600CFC606 /* Sources */,
				BF822F0C24BE3BE600CFC606 /* Frameworks */,
				BF822F0D24BE3BE600CFC606 /* Resources */,
			);
			buildRules = (
			);
			dependencies = (
				BF822F1124BE3BE600CFC606 /* PBXTargetDependency */,
			);
			name = AppUITests;
			productName = AppUITests;
			productReference = BF822F0F24BE3BE600CFC606 /* AppUITests.xctest */;
			productType = "com.apple.product-type.bundle.ui-testing";
		};
/* End PBXNativeTarget section */

/* Begin PBXProject section */
		BF822EE324BE3BE200CFC606 /* Project object */ = {
			isa = PBXProject;
			attributes = {
				LastSwiftUpdateCheck = 1160;
				LastUpgradeCheck = 1160;
				ORGANIZATIONNAME = Sophie.Redner;
				TargetAttributes = {
					BF822EEA24BE3BE200CFC606 = {
						CreatedOnToolsVersion = 11.6;
					};
					BF822F0324BE3BE600CFC606 = {
						CreatedOnToolsVersion = 11.6;
						TestTargetID = BF822EEA24BE3BE200CFC606;
					};
					BF822F0E24BE3BE600CFC606 = {
						CreatedOnToolsVersion = 11.6;
						TestTargetID = BF822EEA24BE3BE200CFC606;
					};
				};
			};
			buildConfigurationList = BF822EE624BE3BE200CFC606 /* Build configuration list for PBXProject "App" */;
			compatibilityVersion = "Xcode 9.3";
			developmentRegion = en;
			hasScannedForEncodings = 0;
			knownRegions = (
				en,
				Base,
			);
			mainGroup = BF822EE224BE3BE200CFC606;
			productRefGroup = BF822EEC24BE3BE200CFC606 /* Products */;
			projectDirPath = "";
			projectRoot = "";
			targets = (
				BF822EEA24BE3BE200CFC606 /* App */,
				BF822F0324BE3BE600CFC606 /* AppTests */,
				BF822F0E24BE3BE600CFC606 /* AppUITests */,
			);
		};
/* End PBXProject section */

/* Begin PBXResourcesBuildPhase section */
		BF822EE924BE3BE200CFC606 /* Resources */ = {
			isa = PBXResourcesBuildPhase;
			buildActionMask = 2147483647;
			files = (
				BF822EFE24BE3BE600CFC606 /* LaunchScreen.storyboard in Resources */,
				BF822EFB24BE3BE600CFC606 /* Assets.xcassets in Resources */,
				BF822EF624BE3BE200CFC606 /* Main.storyboard in Resources */,
			);
			runOnlyForDeploymentPostprocessing = 0;
		};
		BF822F0224BE3BE600CFC606 /* Resources */ = {
			isa = PBXResourcesBuildPhase;
			buildActionMask = 2147483647;
			files = (
			);
			runOnlyForDeploymentPostprocessing = 0;
		};
		BF822F0D24BE3BE600CFC606 /* Resources */ = {
			isa = PBXResourcesBuildPhase;
			buildActionMask = 2147483647;
			files = (
			);
			runOnlyForDeploymentPostprocessing = 0;
		};
/* End PBXResourcesBuildPhase section */

/* Begin PBXSourcesBuildPhase section */
		BF822EE724BE3BE200CFC606 /* Sources */ = {
			isa = PBXSourcesBuildPhase;
			buildActionMask = 2147483647;
			files = (
				BF822EF324BE3BE200CFC606 /* ViewController.swift in Sources */,
				BF822EF924BE3BE200CFC606 /* App.xcdatamodeld in Sources */,
				BF822EEF24BE3BE200CFC606 /* AppDelegate.swift in Sources */,
				BF822EF124BE3BE200CFC606 /* SceneDelegate.swift in Sources */,
			);
			runOnlyForDeploymentPostprocessing = 0;
		};
		BF822F0024BE3BE600CFC606 /* Sources */ = {
			isa = PBXSourcesBuildPhase;
			buildActionMask = 2147483647;
			files = (
				BF822F0924BE3BE600CFC606 /* AppTests.swift in Sources */,
			);
			runOnlyForDeploymentPostprocessing = 0;
		};
		BF822F0B24BE3BE600CFC606 /* Sources */ = {
			isa = PBXSourcesBuildPhase;
			buildActionMask = 2147483647;
			files = (
				BF822F1424BE3BE600CFC606 /* AppUITests.swift in Sources */,
			);
			runOnlyForDeploymentPostprocessing = 0;
		};
/* End PBXSourcesBuildPhase section */

/* Begin PBXTargetDependency section */
		BF822F0624BE3BE600CFC606 /* PBXTargetDependency */ = {
			isa = PBXTargetDependency;
			target = BF822EEA24BE3BE200CFC606 /* App */;
			targetProxy = BF822F0524BE3BE600CFC606 /* PBXContainerItemProxy */;
		};
		BF822F1124BE3BE600CFC606 /* PBXTargetDependency */ = {
			isa = PBXTargetDependency;
			target = BF822EEA24BE3BE200CFC606 /* App */;
			targetProxy = BF822F1024BE3BE600CFC606 /* PBXContainerItemProxy */;
		};
/* End PBXTargetDependency section */

/* Begin PBXVariantGroup section */
		BF822EF424BE3BE200CFC606 /* Main.storyboard */ = {
			isa = PBXVariantGroup;
			children = (
				BF822EF524BE3BE200CFC606 /* Base */,
			);
			name = Main.storyboard;
			sourceTree = "<group>";
		};
		BF822EFC24BE3BE600CFC606 /* LaunchScreen.storyboard */ = {
			isa = PBXVariantGroup;
			children = (
				BF822EFD24BE3BE600CFC606 /* Base */,
			);
			name = LaunchScreen.storyboard;
			sourceTree = "<group>";
		};
/* End PBXVariantGroup section */

/* Begin XCBuildConfiguration section */
		BF822F1624BE3BE600CFC606 /* Debug */ = {
			isa = XCBuildConfiguration;
			buildSettings = {
				ALWAYS_SEARCH_USER_PATHS = NO;
				CLANG_ANALYZER_NONNULL = YES;
				CLANG_ANALYZER_NUMBER_OBJECT_CONVERSION = YES_AGGRESSIVE;
				CLANG_CXX_LANGUAGE_STANDARD = "gnu++14";
				CLANG_CXX_LIBRARY = "libc++";
				CLANG_ENABLE_MODULES = YES;
				CLANG_ENABLE_OBJC_ARC = YES;
				CLANG_ENABLE_OBJC_WEAK = YES;
				CLANG_WARN_BLOCK_CAPTURE_AUTORELEASING = YES;
				CLANG_WARN_BOOL_CONVERSION = YES;
				CLANG_WARN_COMMA = YES;
				CLANG_WARN_CONSTANT_CONVERSION = YES;
				CLANG_WARN_DEPRECATED_OBJC_IMPLEMENTATIONS = YES;
				CLANG_WARN_DIRECT_OBJC_ISA_USAGE = YES_ERROR;
				CLANG_WARN_DOCUMENTATION_COMMENTS = YES;
				CLANG_WARN_EMPTY_BODY = YES;
				CLANG_WARN_ENUM_CONVERSION = YES;
				CLANG_WARN_INFINITE_RECURSION = YES;
				CLANG_WARN_INT_CONVERSION = YES;
				CLANG_WARN_NON_LITERAL_NULL_CONVERSION = YES;
				CLANG_WARN_OBJC_IMPLICIT_RETAIN_SELF = YES;
				CLANG_WARN_OBJC_LITERAL_CONVERSION = YES;
				CLANG_WARN_OBJC_ROOT_CLASS = YES_ERROR;
				CLANG_WARN_RANGE_LOOP_ANALYSIS = YES;
				CLANG_WARN_STRICT_PROTOTYPES = YES;
				CLANG_WARN_SUSPICIOUS_MOVE = YES;
				CLANG_WARN_UNGUARDED_AVAILABILITY = YES_AGGRESSIVE;
				CLANG_WARN_UNREACHABLE_CODE = YES;
				CLANG_WARN__DUPLICATE_METHOD_MATCH = YES;
				COPY_PHASE_STRIP = NO;
				DEBUG_INFORMATION_FORMAT = dwarf;
				ENABLE_STRICT_OBJC_MSGSEND = YES;
				ENABLE_TESTABILITY = YES;
				GCC_C_LANGUAGE_STANDARD = gnu11;
				GCC_DYNAMIC_NO_PIC = NO;
				GCC_NO_COMMON_BLOCKS = YES;
				GCC_OPTIMIZATION_LEVEL = 0;
				GCC_PREPROCESSOR_DEFINITIONS = (
					"DEBUG=1",
					"$(inherited)",
				);
				GCC_WARN_64_TO_32_BIT_CONVERSION = YES;
				GCC_WARN_ABOUT_RETURN_TYPE = YES_ERROR;
				GCC_WARN_UNDECLARED_SELECTOR = YES;
				GCC_WARN_UNINITIALIZED_AUTOS = YES_AGGRESSIVE;
				GCC_WARN_UNUSED_FUNCTION = YES;
				GCC_WARN_UNUSED_VARIABLE = YES;
				IPHONEOS_DEPLOYMENT_TARGET = 13.6;
				MTL_ENABLE_DEBUG_INFO = INCLUDE_SOURCE;
				MTL_FAST_MATH = YES;
				ONLY_ACTIVE_ARCH = YES;
				SDKROOT = iphoneos;
				SWIFT_ACTIVE_COMPILATION_CONDITIONS = DEBUG;
				SWIFT_OPTIMIZATION_LEVEL = "-Onone";
			};
			name = Debug;
		};
		BF822F1724BE3BE600CFC606 /* Release */ = {
			isa = XCBuildConfiguration;
			buildSettings = {
				ALWAYS_SEARCH_USER_PATHS = NO;
				CLANG_ANALYZER_NONNULL = YES;
				CLANG_ANALYZER_NUMBER_OBJECT_CONVERSION = YES_AGGRESSIVE;
				CLANG_CXX_LANGUAGE_STANDARD = "gnu++14";
				CLANG_CXX_LIBRARY = "libc++";
				CLANG_ENABLE_MODULES = YES;
				CLANG_ENABLE_OBJC_ARC = YES;
				CLANG_ENABLE_OBJC_WEAK = YES;
				CLANG_WARN_BLOCK_CAPTURE_AUTORELEASING = YES;
				CLANG_WARN_BOOL_CONVERSION = YES;
				CLANG_WARN_COMMA = YES;
				CLANG_WARN_CONSTANT_CONVERSION = YES;
				CLANG_WARN_DEPRECATED_OBJC_IMPLEMENTATIONS = YES;
				CLANG_WARN_DIRECT_OBJC_ISA_USAGE = YES_ERROR;
				CLANG_WARN_DOCUMENTATION_COMMENTS = YES;
				CLANG_WARN_EMPTY_BODY = YES;
				CLANG_WARN_ENUM_CONVERSION = YES;
				CLANG_WARN_INFINITE_RECURSION = YES;
				CLANG_WARN_INT_CONVERSION = YES;
				CLANG_WARN_NON_LITERAL_NULL_CONVERSION = YES;
				CLANG_WARN_OBJC_IMPLICIT_RETAIN_SELF = YES;
				CLANG_WARN_OBJC_LITERAL_CONVERSION = YES;
				CLANG_WARN_OBJC_ROOT_CLASS = YES_ERROR;
				CLANG_WARN_RANGE_LOOP_ANALYSIS = YES;
				CLANG_WARN_STRICT_PROTOTYPES = YES;
				CLANG_WARN_SUSPICIOUS_MOVE = YES;
				CLANG_WARN_UNGUARDED_AVAILABILITY = YES_AGGRESSIVE;
				CLANG_WARN_UNREACHABLE_CODE = YES;
				CLANG_WARN__DUPLICATE_METHOD_MATCH = YES;
				COPY_PHASE_STRIP = NO;
				DEBUG_INFORMATION_FORMAT = "dwarf-with-dsym";
				ENABLE_NS_ASSERTIONS = NO;
				ENABLE_STRICT_OBJC_MSGSEND = YES;
				GCC_C_LANGUAGE_STANDARD = gnu11;
				GCC_NO_COMMON_BLOCKS = YES;
				GCC_WARN_64_TO_32_BIT_CONVERSION = YES;
				GCC_WARN_ABOUT_RETURN_TYPE = YES_ERROR;
				GCC_WARN_UNDECLARED_SELECTOR = YES;
				GCC_WARN_UNINITIALIZED_AUTOS = YES_AGGRESSIVE;
				GCC_WARN_UNUSED_FUNCTION = YES;
				GCC_WARN_UNUSED_VARIABLE = YES;
				IPHONEOS_DEPLOYMENT_TARGET = 13.6;
				MTL_ENABLE_DEBUG_INFO = NO;
				MTL_FAST_MATH = YES;
				SDKROOT = iphoneos;
				SWIFT_COMPILATION_MODE = wholemodule;
				SWIFT_OPTIMIZATION_LEVEL = "-O";
				VALIDATE_PRODUCT = YES;
			};
			name = Release;
		};
		BF822F1924BE3BE600CFC606 /* Debug */ = {
			isa = XCBuildConfiguration;
			buildSettings = {
				ASSETCATALOG_COMPILER_APPICON_NAME = AppIcon;
				CODE_SIGN_STYLE = Automatic;
				INFOPLIST_FILE = App/Info.plist;
				LD_RUNPATH_SEARCH_PATHS = (
					"$(inherited)",
					"@executable_path/Frameworks",
				);
				PRODUCT_BUNDLE_IDENTIFIER = Sophieredner.App;
				PRODUCT_NAME = "$(TARGET_NAME)";
				SWIFT_VERSION = 5.0;
				TARGETED_DEVICE_FAMILY = "1,2";
			};
			name = Debug;
		};
		BF822F1A24BE3BE600CFC606 /* Release */ = {
			isa = XCBuildConfiguration;
			buildSettings = {
				ASSETCATALOG_COMPILER_APPICON_NAME = AppIcon;
				CODE_SIGN_STYLE = Automatic;
				INFOPLIST_FILE = App/Info.plist;
				LD_RUNPATH_SEARCH_PATHS = (
					"$(inherited)",
					"@executable_path/Frameworks",
				);
				PRODUCT_BUNDLE_IDENTIFIER = Sophieredner.App;
				PRODUCT_NAME = "$(TARGET_NAME)";
				SWIFT_VERSION = 5.0;
				TARGETED_DEVICE_FAMILY = "1,2";
			};
			name = Release;
		};
		BF822F1C24BE3BE600CFC606 /* Debug */ = {
			isa = XCBuildConfiguration;
			buildSettings = {
				ALWAYS_EMBED_SWIFT_STANDARD_LIBRARIES = YES;
				BUNDLE_LOADER = "$(TEST_HOST)";
				CODE_SIGN_STYLE = Automatic;
				INFOPLIST_FILE = AppTests/Info.plist;
				IPHONEOS_DEPLOYMENT_TARGET = 13.6;
				LD_RUNPATH_SEARCH_PATHS = (
					"$(inherited)",
					"@executable_path/Frameworks",
					"@loader_path/Frameworks",
				);
				PRODUCT_BUNDLE_IDENTIFIER = Sophieredner.AppTests;
				PRODUCT_NAME = "$(TARGET_NAME)";
				SWIFT_VERSION = 5.0;
				TARGETED_DEVICE_FAMILY = "1,2";
				TEST_HOST = "$(BUILT_PRODUCTS_DIR)/App.app/App";
			};
			name = Debug;
		};
		BF822F1D24BE3BE600CFC606 /* Release */ = {
			isa = XCBuildConfiguration;
			buildSettings = {
				ALWAYS_EMBED_SWIFT_STANDARD_LIBRARIES = YES;
				BUNDLE_LOADER = "$(TEST_HOST)";
				CODE_SIGN_STYLE = Automatic;
				INFOPLIST_FILE = AppTests/Info.plist;
				IPHONEOS_DEPLOYMENT_TARGET = 13.6;
				LD_RUNPATH_SEARCH_PATHS = (
					"$(inherited)",
					"@executable_path/Frameworks",
					"@loader_path/Frameworks",
				);
				PRODUCT_BUNDLE_IDENTIFIER = Sophieredner.AppTests;
				PRODUCT_NAME = "$(TARGET_NAME)";
				SWIFT_VERSION = 5.0;
				TARGETED_DEVICE_FAMILY = "1,2";
				TEST_HOST = "$(BUILT_PRODUCTS_DIR)/App.app/App";
			};
			name = Release;
		};
		BF822F1F24BE3BE600CFC606 /* Debug */ = {
			isa = XCBuildConfiguration;
			buildSettings = {
				ALWAYS_EMBED_SWIFT_STANDARD_LIBRARIES = YES;
				CODE_SIGN_STYLE = Automatic;
				INFOPLIST_FILE = AppUITests/Info.plist;
				LD_RUNPATH_SEARCH_PATHS = (
					"$(inherited)",
					"@executable_path/Frameworks",
					"@loader_path/Frameworks",
				);
				PRODUCT_BUNDLE_IDENTIFIER = Sophieredner.AppUITests;
				PRODUCT_NAME = "$(TARGET_NAME)";
				SWIFT_VERSION = 5.0;
				TARGETED_DEVICE_FAMILY = "1,2";
				TEST_TARGET_NAME = App;
			};
			name = Debug;
		};
		BF822F2024BE3BE600CFC606 /* Release */ = {
			isa = XCBuildConfiguration;
			buildSettings = {
				ALWAYS_EMBED_SWIFT_STANDARD_LIBRARIES = YES;
				CODE_SIGN_STYLE = Automatic;
				INFOPLIST_FILE = AppUITests/Info.plist;
				LD_RUNPATH_SEARCH_PATHS = (
					"$(inherited)",
					"@executable_path/Frameworks",
					"@loader_path/Frameworks",
				);
				PRODUCT_BUNDLE_IDENTIFIER = Sophieredner.AppUITests;
				PRODUCT_NAME = "$(TARGET_NAME)";
				SWIFT_VERSION = 5.0;
				TARGETED_DEVICE_FAMILY = "1,2";
				TEST_TARGET_NAME = App;
			};
			name = Release;
		};
/* End XCBuildConfiguration section */

/* Begin XCConfigurationList section */
		BF822EE624BE3BE200CFC606 /* Build configuration list for PBXProject "App" */ = {
			isa = XCConfigurationList;
			buildConfigurations = (
				BF822F1624BE3BE600CFC606 /* Debug */,
				BF822F1724BE3BE600CFC606 /* Release */,
			);
			defaultConfigurationIsVisible = 0;
			defaultConfigurationName = Release;
		};
		BF822F1824BE3BE600CFC606 /* Build configuration list for PBXNativeTarget "App" */ = {
			isa = XCConfigurationList;
			buildConfigurations = (
				BF822F1924BE3BE600CFC606 /* Debug */,
				BF822F1A24BE3BE600CFC606 /* Release */,
			);
			defaultConfigurationIsVisible = 0;
			defaultConfigurationName = Release;
		};
		BF822F1B24BE3BE600CFC606 /* Build configuration list for PBXNativeTarget "AppTests" */ = {
			isa = XCConfigurationList;
			buildConfigurations = (
				BF822F1C24BE3BE600CFC606 /* Debug */,
				BF822F1D24BE3BE600CFC606 /* Release */,
			);
			defaultConfigurationIsVisible = 0;
			defaultConfigurationName = Release;
		};
		BF822F1E24BE3BE600CFC606 /* Build configuration list for PBXNativeTarget "AppUITests" */ = {
			isa = XCConfigurationList;
			buildConfigurations = (
				BF822F1F24BE3BE600CFC606 /* Debug */,
				BF822F2024BE3BE600CFC606 /* Release */,
			);
			defaultConfigurationIsVisible = 0;
			defaultConfigurationName = Release;
		};
/* End XCConfigurationList section */

/* Begin XCVersionGroup section */
		BF822EF724BE3BE200CFC606 /* App.xcdatamodeld */ = {
			isa = XCVersionGroup;
			children = (
				BF822EF824BE3BE200CFC606 /* App.xcdatamodel */,
			);
			currentVersion = BF822EF824BE3BE200CFC606 /* App.xcdatamodel */;
			path = App.xcdatamodeld;
			sourceTree = "<group>";
			versionGroupType = wrapper.xcdatamodel;
		};
/* End XCVersionGroup section */
	};
	rootObject = BF822EE324BE3BE200CFC606 /* Project object */;
}
